
Microsoft Visual Studio Solution File, Format Version 12.00
# Visual Studio 2012
Project("{FAE04EC0-301F-11D3-BF4B-00C04F79EFBC}") = "Resonate", "Resonate\Resonate.csproj", "{F91A8454-3F35-4220-A3A8-13F1BD268C0B}"
EndProject
Project("{FAE04EC0-301F-11D3-BF4B-00C04F79EFBC}") = "MapConv", "MapConv\MapConv.csproj", "{2FDDE828-09EC-4FB3-9523-43F8252AF28B}"
EndProject
Global
	GlobalSection(SolutionConfigurationPlatforms) = preSolution
		Debug|Any CPU = Debug|Any CPU
		Release|Any CPU = Release|Any CPU
	EndGlobalSection
	GlobalSection(ProjectConfigurationPlatforms) = postSolution
		{F91A8454-3F35-4220-A3A8-13F1BD268C0B}.Debug|Any CPU.ActiveCfg = Debug|Any CPU
		{F91A8454-3F35-4220-A3A8-13F1BD268C0B}.Debug|Any CPU.Build.0 = Debug|Any CPU
		{F91A8454-3F35-4220-A3A8-13F1BD268C0B}.Release|Any CPU.ActiveCfg = Release|Any CPU
		{F91A8454-3F35-4220-A3A8-13F1BD268C0B}.Release|Any CPU.Build.0 = Release|Any CPU
		{2FDDE828-09EC-4FB3-9523-43F8252AF28B}.Debug|Any CPU.ActiveCfg = Debug|Any CPU
		{2FDDE828-09EC-4FB3-9523-43F8252AF28B}.Debug|Any CPU.Build.0 = Debug|Any CPU
		{2FDDE828-09EC-4FB3-9523-43F8252AF28B}.Release|Any CPU.ActiveCfg = Release|Any CPU
		{2FDDE828-09EC-4FB3-9523-43F8252AF28B}.Release|Any CPU.Build.0 = Release|Any CPU
	EndGlobalSection
	GlobalSection(SolutionProperties) = preSolution
		HideSolutionNode = FALSE
	EndGlobalSection
EndGlobal
